// !$*UTF8*$!
{
	archiveVersion = 1;
	classes = {
	};
	objectVersion = 56;
	objects = {

/* Begin PBXBuildFile section */
		F84A9BD82BFDAF100005EC0C /* AppDelegate.swift in Sources */ = {isa = PBXBuildFile; fileRef = F84A9BD72BFDAF100005EC0C /* AppDelegate.swift */; };
		F84A9BDA2BFDAF100005EC0C /* SceneDelegate.swift in Sources */ = {isa = PBXBuildFile; fileRef = F84A9BD92BFDAF100005EC0C /* SceneDelegate.swift */; };
		F84A9BDC2BFDAF100005EC0C /* ViewController.swift in Sources */ = {isa = PBXBuildFile; fileRef = F84A9BDB2BFDAF100005EC0C /* ViewController.swift */; };
		F84A9BDF2BFDAF100005EC0C /* Main.storyboard in Resources */ = {isa = PBXBuildFile; fileRef = F84A9BDD2BFDAF100005EC0C /* Main.storyboard */; };
		F84A9BE12BFDAF110005EC0C /* Assets.xcassets in Resources */ = {isa = PBXBuildFile; fileRef = F84A9BE02BFDAF110005EC0C /* Assets.xcassets */; };
		F84A9BE42BFDAF110005EC0C /* LaunchScreen.storyboard in Resources */ = {isa = PBXBuildFile; fileRef = F84A9BE22BFDAF110005EC0C /* LaunchScreen.storyboard */; };
		F84A9BF12BFDB40A0005EC0C /* ActivityIndicatorTextView in Frameworks */ = {isa = PBXBuildFile; productRef = F84A9BF02BFDB40A0005EC0C /* ActivityIndicatorTextView */; };
		F84A9BF32BFDB40A0005EC0C /* UIComponentActivityIndicatorTextView in Frameworks */ = {isa = PBXBuildFile; productRef = F84A9BF22BFDB40A0005EC0C /* UIComponentActivityIndicatorTextView */; };
/* End PBXBuildFile section */

/* Begin PBXFileReference section */
		F84A9BD42BFDAF100005EC0C /* Examples.app */ = {isa = PBXFileReference; explicitFileType = wrapper.application; includeInIndex = 0; path = Examples.app; sourceTree = BUILT_PRODUCTS_DIR; };
		F84A9BD72BFDAF100005EC0C /* AppDelegate.swift */ = {isa = PBXFileReference; lastKnownFileType = sourcecode.swift; path = AppDelegate.swift; sourceTree = "<group>"; };
		F84A9BD92BFDAF100005EC0C /* SceneDelegate.swift */ = {isa = PBXFileReference; lastKnownFileType = sourcecode.swift; path = SceneDelegate.swift; sourceTree = "<group>"; };
		F84A9BDB2BFDAF100005EC0C /* ViewController.swift */ = {isa = PBXFileReference; lastKnownFileType = sourcecode.swift; path = ViewController.swift; sourceTree = "<group>"; };
		F84A9BDE2BFDAF100005EC0C /* Base */ = {isa = PBXFileReference; lastKnownFileType = file.storyboard; name = Base; path = Base.lproj/Main.storyboard; sourceTree = "<group>"; };
		F84A9BE02BFDAF110005EC0C /* Assets.xcassets */ = {isa = PBXFileReference; lastKnownFileType = folder.assetcatalog; path = Assets.xcassets; sourceTree = "<group>"; };
		F84A9BE32BFDAF110005EC0C /* Base */ = {isa = PBXFileReference; lastKnownFileType = file.storyboard; name = Base; path = Base.lproj/LaunchScreen.storyboard; sourceTree = "<group>"; };
		F84A9BE52BFDAF110005EC0C /* Info.plist */ = {isa = PBXFileReference; lastKnownFileType = text.plist.xml; path = Info.plist; sourceTree = "<group>"; };
		F84A9BEF2BFDAF7C0005EC0C /* ActivityIndicatorTextView */ = {isa = PBXFileReference; lastKnownFileType = wrapper; name = ActivityIndicatorTextView; path = ../..; sourceTree = "<group>"; };
/* End PBXFileReference section */

/* Begin PBXFrameworksBuildPhase section */
		F84A9BD12BFDAF100005EC0C /* Frameworks */ = {
			isa = PBXFrameworksBuildPhase;
			buildActionMask = 2147483647;
			files = (
				F84A9BF12BFDB40A0005EC0C /* ActivityIndicatorTextView in Frameworks */,
				F84A9BF32BFDB40A0005EC0C /* UIComponentActivityIndicatorTextView in Frameworks */,
			);
			runOnlyForDeploymentPostprocessing = 0;
		};
/* End PBXFrameworksBuildPhase section */

/* Begin PBXGroup section */
		F84A9BCB2BFDAF100005EC0C = {
			isa = PBXGroup;
			children = (
				F84A9BD62BFDAF100005EC0C /* Examples */,
				F84A9BD52BFDAF100005EC0C /* Products */,
				F84A9BEE2BFDAF7C0005EC0C /* Frameworks */,
			);
			sourceTree = "<group>";
		};
		F84A9BD52BFDAF100005EC0C /* Products */ = {
			isa = PBXGroup;
			children = (
				F84A9BD42BFDAF100005EC0C /* Examples.app */,
			);
			name = Products;
			sourceTree = "<group>";
		};
		F84A9BD62BFDAF100005EC0C /* Examples */ = {
			isa = PBXGroup;
			children = (
				F84A9BD72BFDAF100005EC0C /* AppDelegate.swift */,
				F84A9BD92BFDAF100005EC0C /* SceneDelegate.swift */,
				F84A9BDB2BFDAF100005EC0C /* ViewController.swift */,
				F84A9BDD2BFDAF100005EC0C /* Main.storyboard */,
				F84A9BE02BFDAF110005EC0C /* Assets.xcassets */,
				F84A9BE22BFDAF110005EC0C /* LaunchScreen.storyboard */,
				F84A9BE52BFDAF110005EC0C /* Info.plist */,
			);
			path = Examples;
			sourceTree = "<group>";
		};
		F84A9BEE2BFDAF7C0005EC0C /* Frameworks */ = {
			isa = PBXGroup;
			children = (
				F84A9BEF2BFDAF7C0005EC0C /* ActivityIndicatorTextView */,
			);
			name = Frameworks;
			sourceTree = "<group>";
		};
/* End PBXGroup section */

/* Begin PBXNativeTarget section */
		F84A9BD32BFDAF100005EC0C /* Examples */ = {
			isa = PBXNativeTarget;
			buildConfigurationList = F84A9BE82BFDAF110005EC0C /* Build configuration list for PBXNativeTarget "Examples" */;
			buildPhases = (
				F84A9BD02BFDAF100005EC0C /* Sources */,
				F84A9BD12BFDAF100005EC0C /* Frameworks */,
				F84A9BD22BFDAF100005EC0C /* Resources */,
			);
			buildRules = (
			);
			dependencies = (
			);
			name = Examples;
			packageProductDependencies = (
				F84A9BF02BFDB40A0005EC0C /* ActivityIndicatorTextView */,
				F84A9BF22BFDB40A0005EC0C /* UIComponentActivityIndicatorTextView */,
			);
			productName = Examples;
			productReference = F84A9BD42BFDAF100005EC0C /* Examples.app */;
			productType = "com.apple.product-type.application";
		};
/* End PBXNativeTarget section */

/* Begin PBXProject section */
		F84A9BCC2BFDAF100005EC0C /* Project object */ = {
			isa = PBXProject;
			attributes = {
				BuildIndependentTargetsInParallel = 1;
				LastSwiftUpdateCheck = 1520;
				LastUpgradeCheck = 1520;
				TargetAttributes = {
					F84A9BD32BFDAF100005EC0C = {
						CreatedOnToolsVersion = 15.2;
					};
				};
			};
			buildConfigurationList = F84A9BCF2BFDAF100005EC0C /* Build configuration list for PBXProject "Examples" */;
			compatibilityVersion = "Xcode 14.0";
			developmentRegion = en;
			hasScannedForEncodings = 0;
			knownRegions = (
				en,
				Base,
			);
			mainGroup = F84A9BCB2BFDAF100005EC0C;
			packageReferences = (
			);
			productRefGroup = F84A9BD52BFDAF100005EC0C /* Products */;
			projectDirPath = "";
			projectRoot = "";
			targets = (
				F84A9BD32BFDAF100005EC0C /* Examples */,
			);
		};
/* End PBXProject section */

/* Begin PBXResourcesBuildPhase section */
		F84A9BD22BFDAF100005EC0C /* Resources */ = {
			isa = PBXResourcesBuildPhase;
			buildActionMask = 2147483647;
			files = (
				F84A9BE42BFDAF110005EC0C /* LaunchScreen.storyboard in Resources */,
				F84A9BE12BFDAF110005EC0C /* Assets.xcassets in Resources */,
				F84A9BDF2BFDAF100005EC0C /* Main.storyboard in Resources */,
			);
			runOnlyForDeploymentPostprocessing = 0;
		};
/* End PBXResourcesBuildPhase section */

/* Begin PBXSourcesBuildPhase section */
		F84A9BD02BFDAF100005EC0C /* Sources */ = {
			isa = PBXSourcesBuildPhase;
			buildActionMask = 2147483647;
			files = (
				F84A9BDC2BFDAF100005EC0C /* ViewController.swift in Sources */,
				F84A9BD82BFDAF100005EC0C /* AppDelegate.swift in Sources */,
				F84A9BDA2BFDAF100005EC0C /* SceneDelegate.swift in Sources */,
			);
			runOnlyForDeploymentPostprocessing = 0;
		};
/* End PBXSourcesBuildPhase section */

/* Begin PBXVariantGroup section */
		F84A9BDD2BFDAF100005EC0C /* Main.storyboard */ = {
			isa = PBXVariantGroup;
			children = (
				F84A9BDE2BFDAF100005EC0C /* Base */,
			);
			name = Main.storyboard;
			sourceTree = "<group>";
		};
		F84A9BE22BFDAF110005EC0C /* LaunchScreen.storyboard */ = {
			isa = PBXVariantGroup;
			children = (
				F84A9BE32BFDAF110005EC0C /* Base */,
			);
			name = LaunchScreen.storyboard;
			sourceTree = "<group>";
		};
/* End PBXVariantGroup section */

/* Begin XCBuildConfiguration section */
		F84A9BE62BFDAF110005EC0C /* Debug */ = {
			isa = XCBuildConfiguration;
			buildSettings = {
				ALWAYS_SEARCH_USER_PATHS = NO;
				ASSETCATALOG_COMPILER_GENERATE_SWIFT_ASSET_SYMBOL_EXTENSIONS = YES;
				CLANG_ANALYZER_NONNULL = YES;
				CLANG_ANALYZER_NUMBER_OBJECT_CONVERSION = YES_AGGRESSIVE;
				CLANG_CXX_LANGUAGE_STANDARD = "gnu++20";
				CLANG_ENABLE_MODULES = YES;
				CLANG_ENABLE_OBJC_ARC = YES;
				CLANG_ENABLE_OBJC_WEAK = YES;
				CLANG_WARN_BLOCK_CAPTURE_AUTORELEASING = YES;
				CLANG_WARN_BOOL_CONVERSION = YES;
				CLANG_WARN_COMMA = YES;
				CLANG_WARN_CONSTANT_CONVERSION = YES;
				CLANG_WARN_DEPRECATED_OBJC_IMPLEMENTATIONS = YES;
				CLANG_WARN_DIRECT_OBJC_ISA_USAGE = YES_ERROR;
				CLANG_WARN_DOCUMENTATION_COMMENTS = YES;
				CLANG_WARN_EMPTY_BODY = YES;
				CLANG_WARN_ENUM_CONVERSION = YES;
				CLANG_WARN_INFINITE_RECURSION = YES;
				CLANG_WARN_INT_CONVERSION = YES;
				CLANG_WARN_NON_LITERAL_NULL_CONVERSION = YES;
				CLANG_WARN_OBJC_IMPLICIT_RETAIN_SELF = YES;
				CLANG_WARN_OBJC_LITERAL_CONVERSION = YES;
				CLANG_WARN_OBJC_ROOT_CLASS = YES_ERROR;
				CLANG_WARN_QUOTED_INCLUDE_IN_FRAMEWORK_HEADER = YES;
				CLANG_WARN_RANGE_LOOP_ANALYSIS = YES;
				CLANG_WARN_STRICT_PROTOTYPES = YES;
				CLANG_WARN_SUSPICIOUS_MOVE = YES;
				CLANG_WARN_UNGUARDED_AVAILABILITY = YES_AGGRESSIVE;
				CLANG_WARN_UNREACHABLE_CODE = YES;
				CLANG_WARN__DUPLICATE_METHOD_MATCH = YES;
				COPY_PHASE_STRIP = NO;
				DEBUG_INFORMATION_FORMAT = dwarf;
				ENABLE_STRICT_OBJC_MSGSEND = YES;
				ENABLE_TESTABILITY = YES;
				ENABLE_USER_SCRIPT_SANDBOXING = YES;
				GCC_C_LANGUAGE_STANDARD = gnu17;
				GCC_DYNAMIC_NO_PIC = NO;
				GCC_NO_COMMON_BLOCKS = YES;
				GCC_OPTIMIZATION_LEVEL = 0;
				GCC_PREPROCESSOR_DEFINITIONS = (
					"DEBUG=1",
					"$(inherited)",
				);
				GCC_WARN_64_TO_32_BIT_CONVERSION = YES;
				GCC_WARN_ABOUT_RETURN_TYPE = YES_ERROR;
				GCC_WARN_UNDECLARED_SELECTOR = YES;
				GCC_WARN_UNINITIALIZED_AUTOS = YES_AGGRESSIVE;
				GCC_WARN_UNUSED_FUNCTION = YES;
				GCC_WARN_UNUSED_VARIABLE = YES;
				IPHONEOS_DEPLOYMENT_TARGET = 17.2;
				LOCALIZATION_PREFERS_STRING_CATALOGS = YES;
				MTL_ENABLE_DEBUG_INFO = INCLUDE_SOURCE;
				MTL_FAST_MATH = YES;
				ONLY_ACTIVE_ARCH = YES;
				SDKROOT = iphoneos;
				SWIFT_ACTIVE_COMPILATION_CONDITIONS = "DEBUG $(inherited)";
				SWIFT_OPTIMIZATION_LEVEL = "-Onone";
			};
			name = Debug;
		};
		F84A9BE72BFDAF110005EC0C /* Release */ = {
			isa = XCBuildConfiguration;
			buildSettings = {
				ALWAYS_SEARCH_USER_PATHS = NO;
				ASSETCATALOG_COMPILER_GENERATE_SWIFT_ASSET_SYMBOL_EXTENSIONS = YES;
				CLANG_ANALYZER_NONNULL = YES;
				CLANG_ANALYZER_NUMBER_OBJECT_CONVERSION = YES_AGGRESSIVE;
				CLANG_CXX_LANGUAGE_STANDARD = "gnu++20";
				CLANG_ENABLE_MODULES = YES;
				CLANG_ENABLE_OBJC_ARC = YES;
				CLANG_ENABLE_OBJC_WEAK = YES;
				CLANG_WARN_BLOCK_CAPTURE_AUTORELEASING = YES;
				CLANG_WARN_BOOL_CONVERSION = YES;
				CLANG_WARN_COMMA = YES;
				CLANG_WARN_CONSTANT_CONVERSION = YES;
				CLANG_WARN_DEPRECATED_OBJC_IMPLEMENTATIONS = YES;
				CLANG_WARN_DIRECT_OBJC_ISA_USAGE = YES_ERROR;
				CLANG_WARN_DOCUMENTATION_COMMENTS = YES;
				CLANG_WARN_EMPTY_BODY = YES;
				CLANG_WARN_ENUM_CONVERSION = YES;
				CLANG_WARN_INFINITE_RECURSION = YES;
				CLANG_WARN_INT_CONVERSION = YES;
				CLANG_WARN_NON_LITERAL_NULL_CONVERSION = YES;
				CLANG_WARN_OBJC_IMPLICIT_RETAIN_SELF = YES;
				CLANG_WARN_OBJC_LITERAL_CONVERSION = YES;
				CLANG_WARN_OBJC_ROOT_CLASS = YES_ERROR;
				CLANG_WARN_QUOTED_INCLUDE_IN_FRAMEWORK_HEADER = YES;
				CLANG_WARN_RANGE_LOOP_ANALYSIS = YES;
				CLANG_WARN_STRICT_PROTOTYPES = YES;
				CLANG_WARN_SUSPICIOUS_MOVE = YES;
				CLANG_WARN_UNGUARDED_AVAILABILITY = YES_AGGRESSIVE;
				CLANG_WARN_UNREACHABLE_CODE = YES;
				CLANG_WARN__DUPLICATE_METHOD_MATCH = YES;
				COPY_PHASE_STRIP = NO;
				DEBUG_INFORMATION_FORMAT = "dwarf-with-dsym";
				ENABLE_NS_ASSERTIONS = NO;
				ENABLE_STRICT_OBJC_MSGSEND = YES;
				ENABLE_USER_SCRIPT_SANDBOXING = YES;
				GCC_C_LANGUAGE_STANDARD = gnu17;
				GCC_NO_COMMON_BLOCKS = YES;
				GCC_WARN_64_TO_32_BIT_CONVERSION = YES;
				GCC_WARN_ABOUT_RETURN_TYPE = YES_ERROR;
				GCC_WARN_UNDECLARED_SELECTOR = YES;
				GCC_WARN_UNINITIALIZED_AUTOS = YES_AGGRESSIVE;
				GCC_WARN_UNUSED_FUNCTION = YES;
				GCC_WARN_UNUSED_VARIABLE = YES;
				IPHONEOS_DEPLOYMENT_TARGET = 17.2;
				LOCALIZATION_PREFERS_STRING_CATALOGS = YES;
				MTL_ENABLE_DEBUG_INFO = NO;
				MTL_FAST_MATH = YES;
				SDKROOT = iphoneos;
				SWIFT_COMPILATION_MODE = wholemodule;
				VALIDATE_PRODUCT = YES;
			};
			name = Release;
		};
		F84A9BE92BFDAF110005EC0C /* Debug */ = {
			isa = XCBuildConfiguration;
			buildSettings = {
				ASSETCATALOG_COMPILER_APPICON_NAME = AppIcon;
				ASSETCATALOG_COMPILER_GLOBAL_ACCENT_COLOR_NAME = AccentColor;
				CODE_SIGN_STYLE = Automatic;
				CURRENT_PROJECT_VERSION = 1;
				GENERATE_INFOPLIST_FILE = YES;
				INFOPLIST_FILE = Examples/Info.plist;
				INFOPLIST_KEY_UIApplicationSupportsIndirectInputEvents = YES;
				INFOPLIST_KEY_UILaunchStoryboardName = LaunchScreen;
				INFOPLIST_KEY_UIMainStoryboardFile = Main;
				INFOPLIST_KEY_UISupportedInterfaceOrientations_iPad = "UIInterfaceOrientationPortrait UIInterfaceOrientationPortraitUpsideDown UIInterfaceOrientationLandscapeLeft UIInterfaceOrientationLandscapeRight";
				INFOPLIST_KEY_UISupportedInterfaceOrientations_iPhone = "UIInterfaceOrientationPortrait UIInterfaceOrientationLandscapeLeft UIInterfaceOrientationLandscapeRight";
				LD_RUNPATH_SEARCH_PATHS = (
					"$(inherited)",
					"@executable_path/Frameworks",
				);
				MARKETING_VERSION = 1.0;
				PRODUCT_BUNDLE_IDENTIFIER = wwdc14yh.Examples;
				PRODUCT_NAME = "$(TARGET_NAME)";
				SWIFT_EMIT_LOC_STRINGS = YES;
				SWIFT_VERSION = 5.0;
				TARGETED_DEVICE_FAMILY = "1,2";
			};
			name = Debug;
		};
		F84A9BEA2BFDAF110005EC0C /* Release */ = {
			isa = XCBuildConfiguration;
			buildSettings = {
				ASSETCATALOG_COMPILER_APPICON_NAME = AppIcon;
				ASSETCATALOG_COMPILER_GLOBAL_ACCENT_COLOR_NAME = AccentColor;
				CODE_SIGN_STYLE = Automatic;
				CURRENT_PROJECT_VERSION = 1;
				GENERATE_INFOPLIST_FILE = YES;
				INFOPLIST_FILE = Examples/Info.plist;
				INFOPLIST_KEY_UIApplicationSupportsIndirectInputEvents = YES;
				INFOPLIST_KEY_UILaunchStoryboardName = LaunchScreen;
				INFOPLIST_KEY_UIMainStoryboardFile = Main;
				INFOPLIST_KEY_UISupportedInterfaceOrientations_iPad = "UIInterfaceOrientationPortrait UIInterfaceOrientationPortraitUpsideDown UIInterfaceOrientationLandscapeLeft UIInterfaceOrientationLandscapeRight";
				INFOPLIST_KEY_UISupportedInterfaceOrientations_iPhone = "UIInterfaceOrientationPortrait UIInterfaceOrientationLandscapeLeft UIInterfaceOrientationLandscapeRight";
				LD_RUNPATH_SEARCH_PATHS = (
					"$(inherited)",
					"@executable_path/Frameworks",
				);
				MARKETING_VERSION = 1.0;
				PRODUCT_BUNDLE_IDENTIFIER = wwdc14yh.Examples;
				PRODUCT_NAME = "$(TARGET_NAME)";
				SWIFT_EMIT_LOC_STRINGS = YES;
				SWIFT_VERSION = 5.0;
				TARGETED_DEVICE_FAMILY = "1,2";
			};
			name = Release;
		};
/* End XCBuildConfiguration section */

/* Begin XCConfigurationList section */
		F84A9BCF2BFDAF100005EC0C /* Build configuration list for PBXProject "Examples" */ = {
			isa = XCConfigurationList;
			buildConfigurations = (
				F84A9BE62BFDAF110005EC0C /* Debug */,
				F84A9BE72BFDAF110005EC0C /* Release */,
			);
			defaultConfigurationIsVisible = 0;
			defaultConfigurationName = Release;
		};
		F84A9BE82BFDAF110005EC0C /* Build configuration list for PBXNativeTarget "Examples" */ = {
			isa = XCConfigurationList;
			buildConfigurations = (
				F84A9BE92BFDAF110005EC0C /* Debug */,
				F84A9BEA2BFDAF110005EC0C /* Release */,
			);
			defaultConfigurationIsVisible = 0;
			defaultConfigurationName = Release;
		};
/* End XCConfigurationList section */

/* Begin XCSwiftPackageProductDependency section */
		F84A9BF02BFDB40A0005EC0C /* ActivityIndicatorTextView */ = {
			isa = XCSwiftPackageProductDependency;
			productName = ActivityIndicatorTextView;
		};
		F84A9BF22BFDB40A0005EC0C /* UIComponentActivityIndicatorTextView */ = {
			isa = XCSwiftPackageProductDependency;
			productName = UIComponentActivityIndicatorTextView;
		};
/* End XCSwiftPackageProductDependency section */
	};
	rootObject = F84A9BCC2BFDAF100005EC0C /* Project object */;
}
